// !$*UTF8*$!
{
	archiveVersion = 1;
	classes = {
	};
	objectVersion = 50;
	objects = {

/* Begin PBXBuildFile section */
		DBDF1B532323DE3F007CECB1 /* main.cpp in Sources */ = {isa = PBXBuildFile; fileRef = DBDF1B522323DE3F007CECB1 /* main.cpp */; };
		DBDF1B5E2323DE8D007CECB1 /* ShaderProgram.cpp in Sources */ = {isa = PBXBuildFile; fileRef = DBDF1B5D2323DE8D007CECB1 /* ShaderProgram.cpp */; };
		DBDF1B612323DE9E007CECB1 /* shaders in CopyFiles */ = {isa = PBXBuildFile; fileRef = DBDF1B5C2323DE8D007CECB1 /* shaders */; };
		DBDF1B632323DEDA007CECB1 /* OpenGL.framework in Frameworks */ = {isa = PBXBuildFile; fileRef = DBDF1B622323DEDA007CECB1 /* OpenGL.framework */; };
		DBDF1B652323DEDF007CECB1 /* Cocoa.framework in Frameworks */ = {isa = PBXBuildFile; fileRef = DBDF1B642323DEDF007CECB1 /* Cocoa.framework */; };
		DBDF1B692323DEEA007CECB1 /* SDL2.framework in Frameworks */ = {isa = PBXBuildFile; fileRef = DBDF1B662323DEEA007CECB1 /* SDL2.framework */; };
		DBDF1B6A2323DEEA007CECB1 /* SDL2_image.framework in Frameworks */ = {isa = PBXBuildFile; fileRef = DBDF1B672323DEEA007CECB1 /* SDL2_image.framework */; };
		DBDF1B6B2323DEEA007CECB1 /* SDL2_mixer.framework in Frameworks */ = {isa = PBXBuildFile; fileRef = DBDF1B682323DEEA007CECB1 /* SDL2_mixer.framework */; };
		EA030FBA242D64B90049C573 /* enemyPerson.png in CopyFiles */ = {isa = PBXBuildFile; fileRef = EA030FB8242D64B10049C573 /* enemyPerson.png */; };
		EA030FBB242D64BE0049C573 /* enemyVampire.png in CopyFiles */ = {isa = PBXBuildFile; fileRef = EA030FB6242D64B10049C573 /* enemyVampire.png */; };
		EA030FBC242D64C20049C573 /* enemyWitch.png in CopyFiles */ = {isa = PBXBuildFile; fileRef = EA030FB9242D64B10049C573 /* enemyWitch.png */; };
		EA030FBD242D64C50049C573 /* playerWizard.png in CopyFiles */ = {isa = PBXBuildFile; fileRef = EA030FB7242D64B10049C573 /* playerWizard.png */; };
		EA030FC0242D799A0049C573 /* flamespinRight.png in CopyFiles */ = {isa = PBXBuildFile; fileRef = EA030FBE242D79940049C573 /* flamespinRight.png */; };
		EA030FC1242D799D0049C573 /* fireballLeft.png in CopyFiles */ = {isa = PBXBuildFile; fileRef = EA030FBF242D79940049C573 /* fireballLeft.png */; };
		EA3CB2E8244D4A530089A2E2 /* Level2.cpp in Sources */ = {isa = PBXBuildFile; fileRef = EA3CB2E6244D4A530089A2E2 /* Level2.cpp */; };
		EA3CB2EB244D61950089A2E2 /* Level3.cpp in Sources */ = {isa = PBXBuildFile; fileRef = EA3CB2E9244D61950089A2E2 /* Level3.cpp */; };
		EA3CB2EE244D61A00089A2E2 /* GameScreen.cpp in Sources */ = {isa = PBXBuildFile; fileRef = EA3CB2EC244D61A00089A2E2 /* GameScreen.cpp */; };
		EA3CB2F0244D6C280089A2E2 /* dungeon8Bit.wav in CopyFiles */ = {isa = PBXBuildFile; fileRef = EA3CB2EF244D6C080089A2E2 /* dungeon8Bit.wav */; };
		EA3CB2F2244D6CF10089A2E2 /* spell.wav in CopyFiles */ = {isa = PBXBuildFile; fileRef = EA3CB2F1244D6CEE0089A2E2 /* spell.wav */; };
		EA3CB2F8244E9A100089A2E2 /* Level4.cpp in Sources */ = {isa = PBXBuildFile; fileRef = EA3CB2F6244E9A100089A2E2 /* Level4.cpp */; };
		EA402A56241F06B100AAD355 /* ctg.png in CopyFiles */ = {isa = PBXBuildFile; fileRef = EA402A55241F069600AAD355 /* ctg.png */; };
		EA402A57241F06C000AAD355 /* font.png in CopyFiles */ = {isa = PBXBuildFile; fileRef = EA402A4E241EFBAD00AAD355 /* font.png */; };
		EA402A59241F12D600AAD355 /* george_0.png in CopyFiles */ = {isa = PBXBuildFile; fileRef = EA402A58241F12D000AAD355 /* george_0.png */; };
		EA402A5C241F183700AAD355 /* Entity.cpp in Sources */ = {isa = PBXBuildFile; fileRef = EA402A5A241F183700AAD355 /* Entity.cpp */; };
		EA402A5E241F281400AAD355 /* tileset.png in CopyFiles */ = {isa = PBXBuildFile; fileRef = EA402A5D241F280D00AAD355 /* tileset.png */; };
		EA402A61241F2D3C00AAD355 /* rock.png in CopyFiles */ = {isa = PBXBuildFile; fileRef = EA402A5F241F2D3000AAD355 /* rock.png */; };
		EA402A62241F2D4000AAD355 /* grass.png in CopyFiles */ = {isa = PBXBuildFile; fileRef = EA402A60241F2D3700AAD355 /* grass.png */; };
		EAC77878244CFECB00F8CF1E /* Map.cpp in Sources */ = {isa = PBXBuildFile; fileRef = EAC77876244CFECB00F8CF1E /* Map.cpp */; };
		EAC7787B244D1CDE00F8CF1E /* Util.cpp in Sources */ = {isa = PBXBuildFile; fileRef = EAC77879244D1CDE00F8CF1E /* Util.cpp */; };
		EAC7787E244D33CF00F8CF1E /* Scene.cpp in Sources */ = {isa = PBXBuildFile; fileRef = EAC7787C244D33CF00F8CF1E /* Scene.cpp */; };
		EAC77881244D355900F8CF1E /* Level1.cpp in Sources */ = {isa = PBXBuildFile; fileRef = EAC7787F244D355900F8CF1E /* Level1.cpp */; };
/* End PBXBuildFile section */

/* Begin PBXCopyFilesBuildPhase section */
		DBDF1B4D2323DE3F007CECB1 /* CopyFiles */ = {
			isa = PBXCopyFilesBuildPhase;
			buildActionMask = 12;
			dstPath = "";
			dstSubfolderSpec = 6;
			files = (
				DBDF1B612323DE9E007CECB1 /* shaders in CopyFiles */,
				EA402A56241F06B100AAD355 /* ctg.png in CopyFiles */,
				EA402A57241F06C000AAD355 /* font.png in CopyFiles */,
				EA402A59241F12D600AAD355 /* george_0.png in CopyFiles */,
				EA402A5E241F281400AAD355 /* tileset.png in CopyFiles */,
				EA402A61241F2D3C00AAD355 /* rock.png in CopyFiles */,
				EA402A62241F2D4000AAD355 /* grass.png in CopyFiles */,
				EA030FBA242D64B90049C573 /* enemyPerson.png in CopyFiles */,
				EA030FBB242D64BE0049C573 /* enemyVampire.png in CopyFiles */,
				EA030FBC242D64C20049C573 /* enemyWitch.png in CopyFiles */,
				EA030FBD242D64C50049C573 /* playerWizard.png in CopyFiles */,
				EA030FC0242D799A0049C573 /* flamespinRight.png in CopyFiles */,
				EA030FC1242D799D0049C573 /* fireballLeft.png in CopyFiles */,
				EA3CB2F0244D6C280089A2E2 /* dungeon8Bit.wav in CopyFiles */,
				EA3CB2F2244D6CF10089A2E2 /* spell.wav in CopyFiles */,
			);
			runOnlyForDeploymentPostprocessing = 0;
		};
/* End PBXCopyFilesBuildPhase section */

/* Begin PBXFileReference section */
		DBDF1B4F2323DE3F007CECB1 /* Project 3 */ = {isa = PBXFileReference; explicitFileType = "compiled.mach-o.executable"; includeInIndex = 0; path = "Project 3"; sourceTree = BUILT_PRODUCTS_DIR; };
		DBDF1B522323DE3F007CECB1 /* main.cpp */ = {isa = PBXFileReference; lastKnownFileType = sourcecode.cpp.cpp; path = main.cpp; sourceTree = "<group>"; };
		DBDF1B592323DE8D007CECB1 /* ShaderProgram.h */ = {isa = PBXFileReference; fileEncoding = 4; lastKnownFileType = sourcecode.c.h; path = ShaderProgram.h; sourceTree = "<group>"; };
		DBDF1B5A2323DE8D007CECB1 /* stb_image.h */ = {isa = PBXFileReference; fileEncoding = 4; lastKnownFileType = sourcecode.c.h; path = stb_image.h; sourceTree = "<group>"; };
		DBDF1B5B2323DE8D007CECB1 /* glm */ = {isa = PBXFileReference; lastKnownFileType = folder; path = glm; sourceTree = "<group>"; };
		DBDF1B5C2323DE8D007CECB1 /* shaders */ = {isa = PBXFileReference; lastKnownFileType = folder; path = shaders; sourceTree = "<group>"; };
		DBDF1B5D2323DE8D007CECB1 /* ShaderProgram.cpp */ = {isa = PBXFileReference; fileEncoding = 4; lastKnownFileType = sourcecode.cpp.cpp; path = ShaderProgram.cpp; sourceTree = "<group>"; };
		DBDF1B622323DEDA007CECB1 /* OpenGL.framework */ = {isa = PBXFileReference; lastKnownFileType = wrapper.framework; name = OpenGL.framework; path = System/Library/Frameworks/OpenGL.framework; sourceTree = SDKROOT; };
		DBDF1B642323DEDF007CECB1 /* Cocoa.framework */ = {isa = PBXFileReference; lastKnownFileType = wrapper.framework; name = Cocoa.framework; path = System/Library/Frameworks/Cocoa.framework; sourceTree = SDKROOT; };
		DBDF1B662323DEEA007CECB1 /* SDL2.framework */ = {isa = PBXFileReference; lastKnownFileType = wrapper.framework; name = SDL2.framework; path = ../../../../../Library/Frameworks/SDL2.framework; sourceTree = "<group>"; };
		DBDF1B672323DEEA007CECB1 /* SDL2_image.framework */ = {isa = PBXFileReference; lastKnownFileType = wrapper.framework; name = SDL2_image.framework; path = ../../../../../Library/Frameworks/SDL2_image.framework; sourceTree = "<group>"; };
		DBDF1B682323DEEA007CECB1 /* SDL2_mixer.framework */ = {isa = PBXFileReference; lastKnownFileType = wrapper.framework; name = SDL2_mixer.framework; path = ../../../../../Library/Frameworks/SDL2_mixer.framework; sourceTree = "<group>"; };
		EA030FB6242D64B10049C573 /* enemyVampire.png */ = {isa = PBXFileReference; lastKnownFileType = image.png; path = enemyVampire.png; sourceTree = "<group>"; };
		EA030FB7242D64B10049C573 /* playerWizard.png */ = {isa = PBXFileReference; lastKnownFileType = image.png; path = playerWizard.png; sourceTree = "<group>"; };
		EA030FB8242D64B10049C573 /* enemyPerson.png */ = {isa = PBXFileReference; lastKnownFileType = image.png; path = enemyPerson.png; sourceTree = "<group>"; };
		EA030FB9242D64B10049C573 /* enemyWitch.png */ = {isa = PBXFileReference; lastKnownFileType = image.png; path = enemyWitch.png; sourceTree = "<group>"; };
		EA030FBE242D79940049C573 /* flamespinRight.png */ = {isa = PBXFileReference; lastKnownFileType = image.png; path = flamespinRight.png; sourceTree = "<group>"; };
		EA030FBF242D79940049C573 /* fireballLeft.png */ = {isa = PBXFileReference; lastKnownFileType = image.png; path = fireballLeft.png; sourceTree = "<group>"; };
		EA3CB2E6244D4A530089A2E2 /* Level2.cpp */ = {isa = PBXFileReference; lastKnownFileType = sourcecode.cpp.cpp; path = Level2.cpp; sourceTree = "<group>"; };
		EA3CB2E7244D4A530089A2E2 /* Level2.hpp */ = {isa = PBXFileReference; lastKnownFileType = sourcecode.cpp.h; path = Level2.hpp; sourceTree = "<group>"; };
		EA3CB2E9244D61950089A2E2 /* Level3.cpp */ = {isa = PBXFileReference; lastKnownFileType = sourcecode.cpp.cpp; path = Level3.cpp; sourceTree = "<group>"; };
		EA3CB2EA244D61950089A2E2 /* Level3.hpp */ = {isa = PBXFileReference; lastKnownFileType = sourcecode.cpp.h; path = Level3.hpp; sourceTree = "<group>"; };
		EA3CB2EC244D61A00089A2E2 /* GameScreen.cpp */ = {isa = PBXFileReference; lastKnownFileType = sourcecode.cpp.cpp; path = GameScreen.cpp; sourceTree = "<group>"; };
		EA3CB2ED244D61A00089A2E2 /* GameScreen.hpp */ = {isa = PBXFileReference; lastKnownFileType = sourcecode.cpp.h; path = GameScreen.hpp; sourceTree = "<group>"; };
		EA3CB2EF244D6C080089A2E2 /* dungeon8Bit.wav */ = {isa = PBXFileReference; lastKnownFileType = audio.wav; path = dungeon8Bit.wav; sourceTree = "<group>"; };
		EA3CB2F1244D6CEE0089A2E2 /* spell.wav */ = {isa = PBXFileReference; lastKnownFileType = audio.wav; path = spell.wav; sourceTree = "<group>"; };
		EA3CB2F6244E9A100089A2E2 /* Level4.cpp */ = {isa = PBXFileReference; lastKnownFileType = sourcecode.cpp.cpp; path = Level4.cpp; sourceTree = "<group>"; };
		EA3CB2F7244E9A100089A2E2 /* Level4.hpp */ = {isa = PBXFileReference; lastKnownFileType = sourcecode.cpp.h; path = Level4.hpp; sourceTree = "<group>"; };
		EA402A4E241EFBAD00AAD355 /* font.png */ = {isa = PBXFileReference; lastKnownFileType = image.png; path = font.png; sourceTree = "<group>"; };
		EA402A55241F069600AAD355 /* ctg.png */ = {isa = PBXFileReference; lastKnownFileType = image.png; path = ctg.png; sourceTree = "<group>"; };
		EA402A58241F12D000AAD355 /* george_0.png */ = {isa = PBXFileReference; lastKnownFileType = image.png; path = george_0.png; sourceTree = "<group>"; };
		EA402A5A241F183700AAD355 /* Entity.cpp */ = {isa = PBXFileReference; lastKnownFileType = sourcecode.cpp.cpp; path = Entity.cpp; sourceTree = "<group>"; };
		EA402A5B241F183700AAD355 /* Entity.hpp */ = {isa = PBXFileReference; lastKnownFileType = sourcecode.cpp.h; path = Entity.hpp; sourceTree = "<group>"; };
		EA402A5D241F280D00AAD355 /* tileset.png */ = {isa = PBXFileReference; lastKnownFileType = image.png; path = tileset.png; sourceTree = "<group>"; };
		EA402A5F241F2D3000AAD355 /* rock.png */ = {isa = PBXFileReference; lastKnownFileType = image.png; path = rock.png; sourceTree = "<group>"; };
		EA402A60241F2D3700AAD355 /* grass.png */ = {isa = PBXFileReference; lastKnownFileType = image.png; path = grass.png; sourceTree = "<group>"; };
		EAC77876244CFECB00F8CF1E /* Map.cpp */ = {isa = PBXFileReference; lastKnownFileType = sourcecode.cpp.cpp; path = Map.cpp; sourceTree = "<group>"; };
		EAC77877244CFECB00F8CF1E /* Map.hpp */ = {isa = PBXFileReference; lastKnownFileType = sourcecode.cpp.h; path = Map.hpp; sourceTree = "<group>"; };
		EAC77879244D1CDE00F8CF1E /* Util.cpp */ = {isa = PBXFileReference; lastKnownFileType = sourcecode.cpp.cpp; path = Util.cpp; sourceTree = "<group>"; };
		EAC7787A244D1CDE00F8CF1E /* Util.hpp */ = {isa = PBXFileReference; lastKnownFileType = sourcecode.cpp.h; path = Util.hpp; sourceTree = "<group>"; };
		EAC7787C244D33CF00F8CF1E /* Scene.cpp */ = {isa = PBXFileReference; lastKnownFileType = sourcecode.cpp.cpp; path = Scene.cpp; sourceTree = "<group>"; };
		EAC7787D244D33CF00F8CF1E /* Scene.hpp */ = {isa = PBXFileReference; lastKnownFileType = sourcecode.cpp.h; path = Scene.hpp; sourceTree = "<group>"; };
		EAC7787F244D355900F8CF1E /* Level1.cpp */ = {isa = PBXFileReference; lastKnownFileType = sourcecode.cpp.cpp; path = Level1.cpp; sourceTree = "<group>"; };
		EAC77880244D355900F8CF1E /* Level1.hpp */ = {isa = PBXFileReference; lastKnownFileType = sourcecode.cpp.h; path = Level1.hpp; sourceTree = "<group>"; };
/* End PBXFileReference section */

/* Begin PBXFrameworksBuildPhase section */
		DBDF1B4C2323DE3F007CECB1 /* Frameworks */ = {
			isa = PBXFrameworksBuildPhase;
			buildActionMask = 2147483647;
			files = (
				DBDF1B692323DEEA007CECB1 /* SDL2.framework in Frameworks */,
				DBDF1B6A2323DEEA007CECB1 /* SDL2_image.framework in Frameworks */,
				DBDF1B6B2323DEEA007CECB1 /* SDL2_mixer.framework in Frameworks */,
				DBDF1B652323DEDF007CECB1 /* Cocoa.framework in Frameworks */,
				DBDF1B632323DEDA007CECB1 /* OpenGL.framework in Frameworks */,
			);
			runOnlyForDeploymentPostprocessing = 0;
		};
/* End PBXFrameworksBuildPhase section */

/* Begin PBXGroup section */
		DBDF1B462323DE3F007CECB1 = {
			isa = PBXGroup;
			children = (
				DBDF1B512323DE3F007CECB1 /* SDLProject */,
				DBDF1B502323DE3F007CECB1 /* Products */,
				DBDF1B5F2323DE92007CECB1 /* Frameworks */,
			);
			sourceTree = "<group>";
		};
		DBDF1B502323DE3F007CECB1 /* Products */ = {
			isa = PBXGroup;
			children = (
				DBDF1B4F2323DE3F007CECB1 /* Project 3 */,
			);
			name = Products;
			sourceTree = "<group>";
		};
		DBDF1B512323DE3F007CECB1 /* SDLProject */ = {
			isa = PBXGroup;
			children = (
				EA3CB2F1244D6CEE0089A2E2 /* spell.wav */,
				EA3CB2EF244D6C080089A2E2 /* dungeon8Bit.wav */,
				EA030FBF242D79940049C573 /* fireballLeft.png */,
				EA030FBE242D79940049C573 /* flamespinRight.png */,
				EA030FB8242D64B10049C573 /* enemyPerson.png */,
				EA030FB6242D64B10049C573 /* enemyVampire.png */,
				EA030FB9242D64B10049C573 /* enemyWitch.png */,
				EA030FB7242D64B10049C573 /* playerWizard.png */,
				EA402A60241F2D3700AAD355 /* grass.png */,
				EA402A5F241F2D3000AAD355 /* rock.png */,
				EA402A5D241F280D00AAD355 /* tileset.png */,
				EA402A58241F12D000AAD355 /* george_0.png */,
				EA402A55241F069600AAD355 /* ctg.png */,
				DBDF1B5B2323DE8D007CECB1 /* glm */,
				DBDF1B5D2323DE8D007CECB1 /* ShaderProgram.cpp */,
				DBDF1B592323DE8D007CECB1 /* ShaderProgram.h */,
				EA402A4E241EFBAD00AAD355 /* font.png */,
				DBDF1B5C2323DE8D007CECB1 /* shaders */,
				DBDF1B5A2323DE8D007CECB1 /* stb_image.h */,
				DBDF1B522323DE3F007CECB1 /* main.cpp */,
				EA402A5A241F183700AAD355 /* Entity.cpp */,
				EA402A5B241F183700AAD355 /* Entity.hpp */,
				EAC77876244CFECB00F8CF1E /* Map.cpp */,
				EAC77877244CFECB00F8CF1E /* Map.hpp */,
				EAC77879244D1CDE00F8CF1E /* Util.cpp */,
				EAC7787A244D1CDE00F8CF1E /* Util.hpp */,
				EAC7787C244D33CF00F8CF1E /* Scene.cpp */,
				EAC7787D244D33CF00F8CF1E /* Scene.hpp */,
				EAC7787F244D355900F8CF1E /* Level1.cpp */,
				EAC77880244D355900F8CF1E /* Level1.hpp */,
				EA3CB2E6244D4A530089A2E2 /* Level2.cpp */,
				EA3CB2E7244D4A530089A2E2 /* Level2.hpp */,
				EA3CB2E9244D61950089A2E2 /* Level3.cpp */,
				EA3CB2EA244D61950089A2E2 /* Level3.hpp */,
				EA3CB2EC244D61A00089A2E2 /* GameScreen.cpp */,
				EA3CB2ED244D61A00089A2E2 /* GameScreen.hpp */,
				EA3CB2F6244E9A100089A2E2 /* Level4.cpp */,
				EA3CB2F7244E9A100089A2E2 /* Level4.hpp */,
			);
			path = SDLProject;
			sourceTree = "<group>";
		};
		DBDF1B5F2323DE92007CECB1 /* Frameworks */ = {
			isa = PBXGroup;
			children = (
				DBDF1B672323DEEA007CECB1 /* SDL2_image.framework */,
				DBDF1B682323DEEA007CECB1 /* SDL2_mixer.framework */,
				DBDF1B662323DEEA007CECB1 /* SDL2.framework */,
				DBDF1B642323DEDF007CECB1 /* Cocoa.framework */,
				DBDF1B622323DEDA007CECB1 /* OpenGL.framework */,
			);
			name = Frameworks;
			sourceTree = "<group>";
		};
/* End PBXGroup section */

/* Begin PBXNativeTarget section */
		DBDF1B4E2323DE3F007CECB1 /* Project 3 */ = {
			isa = PBXNativeTarget;
			buildConfigurationList = DBDF1B562323DE3F007CECB1 /* Build configuration list for PBXNativeTarget "Project 3" */;
			buildPhases = (
				DBDF1B4B2323DE3F007CECB1 /* Sources */,
				DBDF1B4C2323DE3F007CECB1 /* Frameworks */,
				DBDF1B4D2323DE3F007CECB1 /* CopyFiles */,
			);
			buildRules = (
			);
			dependencies = (
			);
			name = "Project 3";
			productName = SDLProject;
			productReference = DBDF1B4F2323DE3F007CECB1 /* Project 3 */;
			productType = "com.apple.product-type.tool";
		};
/* End PBXNativeTarget section */

/* Begin PBXProject section */
		DBDF1B472323DE3F007CECB1 /* Project object */ = {
			isa = PBXProject;
			attributes = {
				LastUpgradeCheck = 1030;
				ORGANIZATIONNAME = ctg;
				TargetAttributes = {
					DBDF1B4E2323DE3F007CECB1 = {
						CreatedOnToolsVersion = 10.3;
					};
				};
			};
			buildConfigurationList = DBDF1B4A2323DE3F007CECB1 /* Build configuration list for PBXProject "SDLProject" */;
			compatibilityVersion = "Xcode 9.3";
			developmentRegion = en;
			hasScannedForEncodings = 0;
			knownRegions = (
				en,
			);
			mainGroup = DBDF1B462323DE3F007CECB1;
			productRefGroup = DBDF1B502323DE3F007CECB1 /* Products */;
			projectDirPath = "";
			projectRoot = "";
			targets = (
				DBDF1B4E2323DE3F007CECB1 /* Project 3 */,
			);
		};
/* End PBXProject section */

/* Begin PBXSourcesBuildPhase section */
		DBDF1B4B2323DE3F007CECB1 /* Sources */ = {
			isa = PBXSourcesBuildPhase;
			buildActionMask = 2147483647;
			files = (
				EA3CB2F8244E9A100089A2E2 /* Level4.cpp in Sources */,
				EAC7787E244D33CF00F8CF1E /* Scene.cpp in Sources */,
				DBDF1B532323DE3F007CECB1 /* main.cpp in Sources */,
				EA402A5C241F183700AAD355 /* Entity.cpp in Sources */,
				EA3CB2EB244D61950089A2E2 /* Level3.cpp in Sources */,
				EAC77878244CFECB00F8CF1E /* Map.cpp in Sources */,
				DBDF1B5E2323DE8D007CECB1 /* ShaderProgram.cpp in Sources */,
				EA3CB2E8244D4A530089A2E2 /* Level2.cpp in Sources */,
				EAC7787B244D1CDE00F8CF1E /* Util.cpp in Sources */,
				EAC77881244D355900F8CF1E /* Level1.cpp in Sources */,
				EA3CB2EE244D61A00089A2E2 /* GameScreen.cpp in Sources */,
			);
			runOnlyForDeploymentPostprocessing = 0;
		};
/* End PBXSourcesBuildPhase section */

/* Begin XCBuildConfiguration section */
		DBDF1B542323DE3F007CECB1 /* Debug */ = {
			isa = XCBuildConfiguration;
			buildSettings = {
				ALWAYS_SEARCH_USER_PATHS = NO;
				CLANG_ANALYZER_NONNULL = YES;
				CLANG_ANALYZER_NUMBER_OBJECT_CONVERSION = YES_AGGRESSIVE;
				CLANG_CXX_LANGUAGE_STANDARD = "gnu++14";
				CLANG_CXX_LIBRARY = "libc++";
				CLANG_ENABLE_MODULES = YES;
				CLANG_ENABLE_OBJC_ARC = YES;
				CLANG_ENABLE_OBJC_WEAK = YES;
				CLANG_WARN_BLOCK_CAPTURE_AUTORELEASING = YES;
				CLANG_WARN_BOOL_CONVERSION = YES;
				CLANG_WARN_COMMA = YES;
				CLANG_WARN_CONSTANT_CONVERSION = YES;
				CLANG_WARN_DEPRECATED_OBJC_IMPLEMENTATIONS = YES;
				CLANG_WARN_DIRECT_OBJC_ISA_USAGE = YES_ERROR;
				CLANG_WARN_DOCUMENTATION_COMMENTS = YES;
				CLANG_WARN_EMPTY_BODY = YES;
				CLANG_WARN_ENUM_CONVERSION = YES;
				CLANG_WARN_INFINITE_RECURSION = YES;
				CLANG_WARN_INT_CONVERSION = YES;
				CLANG_WARN_NON_LITERAL_NULL_CONVERSION = YES;
				CLANG_WARN_OBJC_IMPLICIT_RETAIN_SELF = YES;
				CLANG_WARN_OBJC_LITERAL_CONVERSION = YES;
				CLANG_WARN_OBJC_ROOT_CLASS = YES_ERROR;
				CLANG_WARN_RANGE_LOOP_ANALYSIS = YES;
				CLANG_WARN_STRICT_PROTOTYPES = YES;
				CLANG_WARN_SUSPICIOUS_MOVE = YES;
				CLANG_WARN_UNGUARDED_AVAILABILITY = YES_AGGRESSIVE;
				CLANG_WARN_UNREACHABLE_CODE = YES;
				CLANG_WARN__DUPLICATE_METHOD_MATCH = YES;
				CODE_SIGN_IDENTITY = "-";
				COPY_PHASE_STRIP = NO;
				DEBUG_INFORMATION_FORMAT = dwarf;
				ENABLE_STRICT_OBJC_MSGSEND = YES;
				ENABLE_TESTABILITY = YES;
				GCC_C_LANGUAGE_STANDARD = gnu11;
				GCC_DYNAMIC_NO_PIC = NO;
				GCC_NO_COMMON_BLOCKS = YES;
				GCC_OPTIMIZATION_LEVEL = 0;
				GCC_PREPROCESSOR_DEFINITIONS = (
					"DEBUG=1",
					"$(inherited)",
				);
				GCC_WARN_64_TO_32_BIT_CONVERSION = YES;
				GCC_WARN_ABOUT_RETURN_TYPE = YES_ERROR;
				GCC_WARN_UNDECLARED_SELECTOR = YES;
				GCC_WARN_UNINITIALIZED_AUTOS = YES_AGGRESSIVE;
				GCC_WARN_UNUSED_FUNCTION = YES;
				GCC_WARN_UNUSED_VARIABLE = YES;
				MACOSX_DEPLOYMENT_TARGET = 10.14;
				MTL_ENABLE_DEBUG_INFO = INCLUDE_SOURCE;
				MTL_FAST_MATH = YES;
				ONLY_ACTIVE_ARCH = YES;
				SDKROOT = macosx;
			};
			name = Debug;
		};
		DBDF1B552323DE3F007CECB1 /* Release */ = {
			isa = XCBuildConfiguration;
			buildSettings = {
				ALWAYS_SEARCH_USER_PATHS = NO;
				CLANG_ANALYZER_NONNULL = YES;
				CLANG_ANALYZER_NUMBER_OBJECT_CONVERSION = YES_AGGRESSIVE;
				CLANG_CXX_LANGUAGE_STANDARD = "gnu++14";
				CLANG_CXX_LIBRARY = "libc++";
				CLANG_ENABLE_MODULES = YES;
				CLANG_ENABLE_OBJC_ARC = YES;
				CLANG_ENABLE_OBJC_WEAK = YES;
				CLANG_WARN_BLOCK_CAPTURE_AUTORELEASING = YES;
				CLANG_WARN_BOOL_CONVERSION = YES;
				CLANG_WARN_COMMA = YES;
				CLANG_WARN_CONSTANT_CONVERSION = YES;
				CLANG_WARN_DEPRECATED_OBJC_IMPLEMENTATIONS = YES;
				CLANG_WARN_DIRECT_OBJC_ISA_USAGE = YES_ERROR;
				CLANG_WARN_DOCUMENTATION_COMMENTS = YES;
				CLANG_WARN_EMPTY_BODY = YES;
				CLANG_WARN_ENUM_CONVERSION = YES;
				CLANG_WARN_INFINITE_RECURSION = YES;
				CLANG_WARN_INT_CONVERSION = YES;
				CLANG_WARN_NON_LITERAL_NULL_CONVERSION = YES;
				CLANG_WARN_OBJC_IMPLICIT_RETAIN_SELF = YES;
				CLANG_WARN_OBJC_LITERAL_CONVERSION = YES;
				CLANG_WARN_OBJC_ROOT_CLASS = YES_ERROR;
				CLANG_WARN_RANGE_LOOP_ANALYSIS = YES;
				CLANG_WARN_STRICT_PROTOTYPES = YES;
				CLANG_WARN_SUSPICIOUS_MOVE = YES;
				CLANG_WARN_UNGUARDED_AVAILABILITY = YES_AGGRESSIVE;
				CLANG_WARN_UNREACHABLE_CODE = YES;
				CLANG_WARN__DUPLICATE_METHOD_MATCH = YES;
				CODE_SIGN_IDENTITY = "-";
				COPY_PHASE_STRIP = NO;
				DEBUG_INFORMATION_FORMAT = "dwarf-with-dsym";
				ENABLE_NS_ASSERTIONS = NO;
				ENABLE_STRICT_OBJC_MSGSEND = YES;
				GCC_C_LANGUAGE_STANDARD = gnu11;
				GCC_NO_COMMON_BLOCKS = YES;
				GCC_WARN_64_TO_32_BIT_CONVERSION = YES;
				GCC_WARN_ABOUT_RETURN_TYPE = YES_ERROR;
				GCC_WARN_UNDECLARED_SELECTOR = YES;
				GCC_WARN_UNINITIALIZED_AUTOS = YES_AGGRESSIVE;
				GCC_WARN_UNUSED_FUNCTION = YES;
				GCC_WARN_UNUSED_VARIABLE = YES;
				MACOSX_DEPLOYMENT_TARGET = 10.14;
				MTL_ENABLE_DEBUG_INFO = NO;
				MTL_FAST_MATH = YES;
				SDKROOT = macosx;
			};
			name = Release;
		};
		DBDF1B572323DE3F007CECB1 /* Debug */ = {
			isa = XCBuildConfiguration;
			buildSettings = {
				CODE_SIGN_STYLE = Automatic;
				FRAMEWORK_SEARCH_PATHS = (
					"$(inherited)",
					"$(LOCAL_LIBRARY_DIR)/Frameworks",
				);
				HEADER_SEARCH_PATHS = (
					/Library/Frameworks/SDL2_image.framework/Versions/A/Headers,
					/Library/Frameworks/SDL2.framework/Versions/A/Headers,
					/Library/Frameworks/SDL2_mixer.framework/Versions/A/Headers,
				);
				PRODUCT_NAME = "$(TARGET_NAME)";
			};
			name = Debug;
		};
		DBDF1B582323DE3F007CECB1 /* Release */ = {
			isa = XCBuildConfiguration;
			buildSettings = {
				CODE_SIGN_STYLE = Automatic;
				FRAMEWORK_SEARCH_PATHS = (
					"$(inherited)",
					"$(LOCAL_LIBRARY_DIR)/Frameworks",
				);
				HEADER_SEARCH_PATHS = (
					/Library/Frameworks/SDL2_image.framework/Versions/A/Headers,
					/Library/Frameworks/SDL2.framework/Versions/A/Headers,
					/Library/Frameworks/SDL2_mixer.framework/Versions/A/Headers,
				);
				PRODUCT_NAME = "$(TARGET_NAME)";
			};
			name = Release;
		};
/* End XCBuildConfiguration section */

/* Begin XCConfigurationList section */
		DBDF1B4A2323DE3F007CECB1 /* Build configuration list for PBXProject "SDLProject" */ = {
			isa = XCConfigurationList;
			buildConfigurations = (
				DBDF1B542323DE3F007CECB1 /* Debug */,
				DBDF1B552323DE3F007CECB1 /* Release */,
			);
			defaultConfigurationIsVisible = 0;
			defaultConfigurationName = Release;
		};
		DBDF1B562323DE3F007CECB1 /* Build configuration list for PBXNativeTarget "Project 3" */ = {
			isa = XCConfigurationList;
			buildConfigurations = (
				DBDF1B572323DE3F007CECB1 /* Debug */,
				DBDF1B582323DE3F007CECB1 /* Release */,
			);
			defaultConfigurationIsVisible = 0;
			defaultConfigurationName = Release;
		};
/* End XCConfigurationList section */
	};
	rootObject = DBDF1B472323DE3F007CECB1 /* Project object */;
}
